// !$*UTF8*$!
{
	archiveVersion = 1;
	classes = {
	};
	objectVersion = 77;
	objects = {

/* Begin PBXBuildFile section */
		431A7CA77B8CDC582209B054 /* Pods_FlashChatTests.framework in Frameworks */ = {isa = PBXBuildFile; fileRef = E5C7739CD4462FFE4D295137 /* Pods_FlashChatTests.framework */; };
		6CB2B66F1AFC05C98EDD7C76 /* Pods_FlashChat_FlashChatUITests.framework in Frameworks */ = {isa = PBXBuildFile; fileRef = 916A457A0A28B5402A227001 /* Pods_FlashChat_FlashChatUITests.framework */; };
		B2D4B5C52D81619F00726BEB /* IQKeyboardManagerSwift in Frameworks */ = {isa = PBXBuildFile; productRef = B2D4B5C42D81619F00726BEB /* IQKeyboardManagerSwift */; };
		C4945F785BC360DFF1C6BCFD /* Pods_FlashChat.framework in Frameworks */ = {isa = PBXBuildFile; fileRef = F96248AFEF9AC0F4604A9F5B /* Pods_FlashChat.framework */; };
/* End PBXBuildFile section */

/* Begin PBXContainerItemProxy section */
		B2D4B57A2D815DDA00726BEB /* PBXContainerItemProxy */ = {
			isa = PBXContainerItemProxy;
			containerPortal = B2D4B55B2D815DD800726BEB /* Project object */;
			proxyType = 1;
			remoteGlobalIDString = B2D4B5622D815DD800726BEB;
			remoteInfo = FlashChat;
		};
		B2D4B5842D815DDA00726BEB /* PBXContainerItemProxy */ = {
			isa = PBXContainerItemProxy;
			containerPortal = B2D4B55B2D815DD800726BEB /* Project object */;
			proxyType = 1;
			remoteGlobalIDString = B2D4B5622D815DD800726BEB;
			remoteInfo = FlashChat;
		};
/* End PBXContainerItemProxy section */

/* Begin PBXFileReference section */
		01183C3D0A88557EE31088F5 /* Pods-FlashChat.release.xcconfig */ = {isa = PBXFileReference; includeInIndex = 1; lastKnownFileType = text.xcconfig; name = "Pods-FlashChat.release.xcconfig"; path = "Target Support Files/Pods-FlashChat/Pods-FlashChat.release.xcconfig"; sourceTree = "<group>"; };
		5EFC6FF352B682CE72A21C61 /* Pods-FlashChat-FlashChatUITests.release.xcconfig */ = {isa = PBXFileReference; includeInIndex = 1; lastKnownFileType = text.xcconfig; name = "Pods-FlashChat-FlashChatUITests.release.xcconfig"; path = "Target Support Files/Pods-FlashChat-FlashChatUITests/Pods-FlashChat-FlashChatUITests.release.xcconfig"; sourceTree = "<group>"; };
		75BD75C0D7F2D4301B581B28 /* Pods-FlashChatTests.release.xcconfig */ = {isa = PBXFileReference; includeInIndex = 1; lastKnownFileType = text.xcconfig; name = "Pods-FlashChatTests.release.xcconfig"; path = "Target Support Files/Pods-FlashChatTests/Pods-FlashChatTests.release.xcconfig"; sourceTree = "<group>"; };
		885FD7DF2CF69E832FE4A704 /* Pods-FlashChat.debug.xcconfig */ = {isa = PBXFileReference; includeInIndex = 1; lastKnownFileType = text.xcconfig; name = "Pods-FlashChat.debug.xcconfig"; path = "Target Support Files/Pods-FlashChat/Pods-FlashChat.debug.xcconfig"; sourceTree = "<group>"; };
		916A457A0A28B5402A227001 /* Pods_FlashChat_FlashChatUITests.framework */ = {isa = PBXFileReference; explicitFileType = wrapper.framework; includeInIndex = 0; path = Pods_FlashChat_FlashChatUITests.framework; sourceTree = BUILT_PRODUCTS_DIR; };
		B2D4B5632D815DD800726BEB /* FlashChat.app */ = {isa = PBXFileReference; explicitFileType = wrapper.application; includeInIndex = 0; path = FlashChat.app; sourceTree = BUILT_PRODUCTS_DIR; };
		B2D4B5792D815DDA00726BEB /* FlashChatTests.xctest */ = {isa = PBXFileReference; explicitFileType = wrapper.cfbundle; includeInIndex = 0; path = FlashChatTests.xctest; sourceTree = BUILT_PRODUCTS_DIR; };
		B2D4B5832D815DDA00726BEB /* FlashChatUITests.xctest */ = {isa = PBXFileReference; explicitFileType = wrapper.cfbundle; includeInIndex = 0; path = FlashChatUITests.xctest; sourceTree = BUILT_PRODUCTS_DIR; };
		DB313D97946A13880509E75D /* Pods-FlashChat-FlashChatUITests.debug.xcconfig */ = {isa = PBXFileReference; includeInIndex = 1; lastKnownFileType = text.xcconfig; name = "Pods-FlashChat-FlashChatUITests.debug.xcconfig"; path = "Target Support Files/Pods-FlashChat-FlashChatUITests/Pods-FlashChat-FlashChatUITests.debug.xcconfig"; sourceTree = "<group>"; };
		E5C7739CD4462FFE4D295137 /* Pods_FlashChatTests.framework */ = {isa = PBXFileReference; explicitFileType = wrapper.framework; includeInIndex = 0; path = Pods_FlashChatTests.framework; sourceTree = BUILT_PRODUCTS_DIR; };
		F96248AFEF9AC0F4604A9F5B /* Pods_FlashChat.framework */ = {isa = PBXFileReference; explicitFileType = wrapper.framework; includeInIndex = 0; path = Pods_FlashChat.framework; sourceTree = BUILT_PRODUCTS_DIR; };
		FD20305E82D9491DBCB87465 /* Pods-FlashChatTests.debug.xcconfig */ = {isa = PBXFileReference; includeInIndex = 1; lastKnownFileType = text.xcconfig; name = "Pods-FlashChatTests.debug.xcconfig"; path = "Target Support Files/Pods-FlashChatTests/Pods-FlashChatTests.debug.xcconfig"; sourceTree = "<group>"; };
/* End PBXFileReference section */

/* Begin PBXFileSystemSynchronizedBuildFileExceptionSet section */
		B2D4B58B2D815DDA00726BEB /* Exceptions for "FlashChat" folder in "FlashChat" target */ = {
			isa = PBXFileSystemSynchronizedBuildFileExceptionSet;
			membershipExceptions = (
				Info.plist,
			);
			target = B2D4B5622D815DD800726BEB /* FlashChat */;
		};
/* End PBXFileSystemSynchronizedBuildFileExceptionSet section */

/* Begin PBXFileSystemSynchronizedRootGroup section */
		B2D4B5652D815DD800726BEB /* FlashChat */ = {
			isa = PBXFileSystemSynchronizedRootGroup;
			exceptions = (
				B2D4B58B2D815DDA00726BEB /* Exceptions for "FlashChat" folder in "FlashChat" target */,
			);
			path = FlashChat;
			sourceTree = "<group>";
		};
		B2D4B57C2D815DDA00726BEB /* FlashChatTests */ = {
			isa = PBXFileSystemSynchronizedRootGroup;
			path = FlashChatTests;
			sourceTree = "<group>";
		};
		B2D4B5862D815DDA00726BEB /* FlashChatUITests */ = {
			isa = PBXFileSystemSynchronizedRootGroup;
			path = FlashChatUITests;
			sourceTree = "<group>";
		};
/* End PBXFileSystemSynchronizedRootGroup section */

/* Begin PBXFrameworksBuildPhase section */
		B2D4B5602D815DD800726BEB /* Frameworks */ = {
			isa = PBXFrameworksBuildPhase;
			buildActionMask = 2147483647;
			files = (
				C4945F785BC360DFF1C6BCFD /* Pods_FlashChat.framework in Frameworks */,
				B2D4B5C52D81619F00726BEB /* IQKeyboardManagerSwift in Frameworks */,
			);
			runOnlyForDeploymentPostprocessing = 0;
		};
		B2D4B5762D815DDA00726BEB /* Frameworks */ = {
			isa = PBXFrameworksBuildPhase;
			buildActionMask = 2147483647;
			files = (
				431A7CA77B8CDC582209B054 /* Pods_FlashChatTests.framework in Frameworks */,
			);
			runOnlyForDeploymentPostprocessing = 0;
		};
		B2D4B5802D815DDA00726BEB /* Frameworks */ = {
			isa = PBXFrameworksBuildPhase;
			buildActionMask = 2147483647;
			files = (
				6CB2B66F1AFC05C98EDD7C76 /* Pods_FlashChat_FlashChatUITests.framework in Frameworks */,
			);
			runOnlyForDeploymentPostprocessing = 0;
		};
/* End PBXFrameworksBuildPhase section */

/* Begin PBXGroup section */
		0CF76CD1A41ECE0074DAA76A /* Frameworks */ = {
			isa = PBXGroup;
			children = (
				F96248AFEF9AC0F4604A9F5B /* Pods_FlashChat.framework */,
				916A457A0A28B5402A227001 /* Pods_FlashChat_FlashChatUITests.framework */,
				E5C7739CD4462FFE4D295137 /* Pods_FlashChatTests.framework */,
			);
			name = Frameworks;
			sourceTree = "<group>";
		};
		B0978D1F255567917AEF2217 /* Pods */ = {
			isa = PBXGroup;
			children = (
				885FD7DF2CF69E832FE4A704 /* Pods-FlashChat.debug.xcconfig */,
				01183C3D0A88557EE31088F5 /* Pods-FlashChat.release.xcconfig */,
				DB313D97946A13880509E75D /* Pods-FlashChat-FlashChatUITests.debug.xcconfig */,
				5EFC6FF352B682CE72A21C61 /* Pods-FlashChat-FlashChatUITests.release.xcconfig */,
				FD20305E82D9491DBCB87465 /* Pods-FlashChatTests.debug.xcconfig */,
				75BD75C0D7F2D4301B581B28 /* Pods-FlashChatTests.release.xcconfig */,
			);
			path = Pods;
			sourceTree = "<group>";
		};
		B2D4B55A2D815DD800726BEB = {
			isa = PBXGroup;
			children = (
				B2D4B5652D815DD800726BEB /* FlashChat */,
				B2D4B57C2D815DDA00726BEB /* FlashChatTests */,
				B2D4B5862D815DDA00726BEB /* FlashChatUITests */,
				B2D4B5642D815DD800726BEB /* Products */,
				B0978D1F255567917AEF2217 /* Pods */,
				0CF76CD1A41ECE0074DAA76A /* Frameworks */,
			);
			sourceTree = "<group>";
		};
		B2D4B5642D815DD800726BEB /* Products */ = {
			isa = PBXGroup;
			children = (
				B2D4B5632D815DD800726BEB /* FlashChat.app */,
				B2D4B5792D815DDA00726BEB /* FlashChatTests.xctest */,
				B2D4B5832D815DDA00726BEB /* FlashChatUITests.xctest */,
			);
			name = Products;
			sourceTree = "<group>";
		};
/* End PBXGroup section */

/* Begin PBXNativeTarget section */
		B2D4B5622D815DD800726BEB /* FlashChat */ = {
			isa = PBXNativeTarget;
			buildConfigurationList = B2D4B58C2D815DDA00726BEB /* Build configuration list for PBXNativeTarget "FlashChat" */;
			buildPhases = (
				B7237805FAE74AD7D7B3BCA7 /* [CP] Check Pods Manifest.lock */,
				B2D4B55F2D815DD800726BEB /* Sources */,
				B2D4B5602D815DD800726BEB /* Frameworks */,
				B2D4B5612D815DD800726BEB /* Resources */,
				75A51C94DB116598CB32A3EC /* [CP] Embed Pods Frameworks */,
			);
			buildRules = (
			);
			dependencies = (
			);
			fileSystemSynchronizedGroups = (
				B2D4B5652D815DD800726BEB /* FlashChat */,
			);
			name = FlashChat;
			productName = FlashChat;
			productReference = B2D4B5632D815DD800726BEB /* FlashChat.app */;
			productType = "com.apple.product-type.application";
		};
		B2D4B5782D815DDA00726BEB /* FlashChatTests */ = {
			isa = PBXNativeTarget;
			buildConfigurationList = B2D4B5912D815DDA00726BEB /* Build configuration list for PBXNativeTarget "FlashChatTests" */;
			buildPhases = (
				4B3E202FE77388CF60EE051D /* [CP] Check Pods Manifest.lock */,
				B2D4B5752D815DDA00726BEB /* Sources */,
				B2D4B5762D815DDA00726BEB /* Frameworks */,
				B2D4B5772D815DDA00726BEB /* Resources */,
			);
			buildRules = (
			);
			dependencies = (
				B2D4B57B2D815DDA00726BEB /* PBXTargetDependency */,
			);
			fileSystemSynchronizedGroups = (
				B2D4B57C2D815DDA00726BEB /* FlashChatTests */,
			);
			name = FlashChatTests;
			productName = FlashChatTests;
			productReference = B2D4B5792D815DDA00726BEB /* FlashChatTests.xctest */;
			productType = "com.apple.product-type.bundle.unit-test";
		};
		B2D4B5822D815DDA00726BEB /* FlashChatUITests */ = {
			isa = PBXNativeTarget;
			buildConfigurationList = B2D4B5942D815DDA00726BEB /* Build configuration list for PBXNativeTarget "FlashChatUITests" */;
			buildPhases = (
				A2B696D275AD4FA8663C2B9F /* [CP] Check Pods Manifest.lock */,
				B2D4B57F2D815DDA00726BEB /* Sources */,
				B2D4B5802D815DDA00726BEB /* Frameworks */,
				B2D4B5812D815DDA00726BEB /* Resources */,
				0AB375598507BB26216230E0 /* [CP] Embed Pods Frameworks */,
			);
			buildRules = (
			);
			dependencies = (
				B2D4B5852D815DDA00726BEB /* PBXTargetDependency */,
			);
			fileSystemSynchronizedGroups = (
				B2D4B5862D815DDA00726BEB /* FlashChatUITests */,
			);
			name = FlashChatUITests;
			productName = FlashChatUITests;
			productReference = B2D4B5832D815DDA00726BEB /* FlashChatUITests.xctest */;
			productType = "com.apple.product-type.bundle.ui-testing";
		};
/* End PBXNativeTarget section */

/* Begin PBXProject section */
		B2D4B55B2D815DD800726BEB /* Project object */ = {
			isa = PBXProject;
			attributes = {
				BuildIndependentTargetsInParallel = 1;
				LastSwiftUpdateCheck = 1620;
				LastUpgradeCheck = 1620;
				TargetAttributes = {
					B2D4B5622D815DD800726BEB = {
						CreatedOnToolsVersion = 16.2;
					};
					B2D4B5782D815DDA00726BEB = {
						CreatedOnToolsVersion = 16.2;
						TestTargetID = B2D4B5622D815DD800726BEB;
					};
					B2D4B5822D815DDA00726BEB = {
						CreatedOnToolsVersion = 16.2;
						TestTargetID = B2D4B5622D815DD800726BEB;
					};
				};
			};
			buildConfigurationList = B2D4B55E2D815DD800726BEB /* Build configuration list for PBXProject "FlashChat" */;
			developmentRegion = en;
			hasScannedForEncodings = 0;
			knownRegions = (
				en,
				Base,
			);
			mainGroup = B2D4B55A2D815DD800726BEB;
			minimizedProjectReferenceProxies = 1;
			packageReferences = (
				B2D4B5C32D81619F00726BEB /* XCRemoteSwiftPackageReference "IQKeyboardManager" */,
			);
			preferredProjectObjectVersion = 77;
			productRefGroup = B2D4B5642D815DD800726BEB /* Products */;
			projectDirPath = "";
			projectRoot = "";
			targets = (
				B2D4B5622D815DD800726BEB /* FlashChat */,
				B2D4B5782D815DDA00726BEB /* FlashChatTests */,
				B2D4B5822D815DDA00726BEB /* FlashChatUITests */,
			);
		};
/* End PBXProject section */

/* Begin PBXResourcesBuildPhase section */
		B2D4B5612D815DD800726BEB /* Resources */ = {
			isa = PBXResourcesBuildPhase;
			buildActionMask = 2147483647;
			files = (
			);
			runOnlyForDeploymentPostprocessing = 0;
		};
		B2D4B5772D815DDA00726BEB /* Resources */ = {
			isa = PBXResourcesBuildPhase;
			buildActionMask = 2147483647;
			files = (
			);
			runOnlyForDeploymentPostprocessing = 0;
		};
		B2D4B5812D815DDA00726BEB /* Resources */ = {
			isa = PBXResourcesBuildPhase;
			buildActionMask = 2147483647;
			files = (
			);
			runOnlyForDeploymentPostprocessing = 0;
		};
/* End PBXResourcesBuildPhase section */

/* Begin PBXShellScriptBuildPhase section */
		0AB375598507BB26216230E0 /* [CP] Embed Pods Frameworks */ = {
			isa = PBXShellScriptBuildPhase;
			buildActionMask = 2147483647;
			files = (
			);
			inputFileListPaths = (
				"${PODS_ROOT}/Target Support Files/Pods-FlashChat-FlashChatUITests/Pods-FlashChat-FlashChatUITests-frameworks-${CONFIGURATION}-input-files.xcfilelist",
			);
			name = "[CP] Embed Pods Frameworks";
			outputFileListPaths = (
				"${PODS_ROOT}/Target Support Files/Pods-FlashChat-FlashChatUITests/Pods-FlashChat-FlashChatUITests-frameworks-${CONFIGURATION}-output-files.xcfilelist",
			);
			runOnlyForDeploymentPostprocessing = 0;
			shellPath = /bin/sh;
			shellScript = "\"${PODS_ROOT}/Target Support Files/Pods-FlashChat-FlashChatUITests/Pods-FlashChat-FlashChatUITests-frameworks.sh\"\n";
			showEnvVarsInLog = 0;
		};
		4B3E202FE77388CF60EE051D /* [CP] Check Pods Manifest.lock */ = {
			isa = PBXShellScriptBuildPhase;
			buildActionMask = 2147483647;
			files = (
			);
			inputFileListPaths = (
			);
			inputPaths = (
				"${PODS_PODFILE_DIR_PATH}/Podfile.lock",
				"${PODS_ROOT}/Manifest.lock",
			);
			name = "[CP] Check Pods Manifest.lock";
			outputFileListPaths = (
			);
			outputPaths = (
				"$(DERIVED_FILE_DIR)/Pods-FlashChatTests-checkManifestLockResult.txt",
			);
			runOnlyForDeploymentPostprocessing = 0;
			shellPath = /bin/sh;
			shellScript = "diff \"${PODS_PODFILE_DIR_PATH}/Podfile.lock\" \"${PODS_ROOT}/Manifest.lock\" > /dev/null\nif [ $? != 0 ] ; then\n    # print error to STDERR\n    echo \"error: The sandbox is not in sync with the Podfile.lock. Run 'pod install' or update your CocoaPods installation.\" >&2\n    exit 1\nfi\n# This output is used by Xcode 'outputs' to avoid re-running this script phase.\necho \"SUCCESS\" > \"${SCRIPT_OUTPUT_FILE_0}\"\n";
			showEnvVarsInLog = 0;
		};
		75A51C94DB116598CB32A3EC /* [CP] Embed Pods Frameworks */ = {
			isa = PBXShellScriptBuildPhase;
			buildActionMask = 2147483647;
			files = (
			);
			inputFileListPaths = (
				"${PODS_ROOT}/Target Support Files/Pods-FlashChat/Pods-FlashChat-frameworks-${CONFIGURATION}-input-files.xcfilelist",
			);
			name = "[CP] Embed Pods Frameworks";
			outputFileListPaths = (
				"${PODS_ROOT}/Target Support Files/Pods-FlashChat/Pods-FlashChat-frameworks-${CONFIGURATION}-output-files.xcfilelist",
			);
			runOnlyForDeploymentPostprocessing = 0;
			shellPath = /bin/sh;
			shellScript = "\"${PODS_ROOT}/Target Support Files/Pods-FlashChat/Pods-FlashChat-frameworks.sh\"\n";
			showEnvVarsInLog = 0;
		};
		A2B696D275AD4FA8663C2B9F /* [CP] Check Pods Manifest.lock */ = {
			isa = PBXShellScriptBuildPhase;
			buildActionMask = 2147483647;
			files = (
			);
			inputFileListPaths = (
			);
			inputPaths = (
				"${PODS_PODFILE_DIR_PATH}/Podfile.lock",
				"${PODS_ROOT}/Manifest.lock",
			);
			name = "[CP] Check Pods Manifest.lock";
			outputFileListPaths = (
			);
			outputPaths = (
				"$(DERIVED_FILE_DIR)/Pods-FlashChat-FlashChatUITests-checkManifestLockResult.txt",
			);
			runOnlyForDeploymentPostprocessing = 0;
			shellPath = /bin/sh;
			shellScript = "diff \"${PODS_PODFILE_DIR_PATH}/Podfile.lock\" \"${PODS_ROOT}/Manifest.lock\" > /dev/null\nif [ $? != 0 ] ; then\n    # print error to STDERR\n    echo \"error: The sandbox is not in sync with the Podfile.lock. Run 'pod install' or update your CocoaPods installation.\" >&2\n    exit 1\nfi\n# This output is used by Xcode 'outputs' to avoid re-running this script phase.\necho \"SUCCESS\" > \"${SCRIPT_OUTPUT_FILE_0}\"\n";
			showEnvVarsInLog = 0;
		};
		B7237805FAE74AD7D7B3BCA7 /* [CP] Check Pods Manifest.lock */ = {
			isa = PBXShellScriptBuildPhase;
			buildActionMask = 2147483647;
			files = (
			);
			inputFileListPaths = (
			);
			inputPaths = (
				"${PODS_PODFILE_DIR_PATH}/Podfile.lock",
				"${PODS_ROOT}/Manifest.lock",
			);
			name = "[CP] Check Pods Manifest.lock";
			outputFileListPaths = (
			);
			outputPaths = (
				"$(DERIVED_FILE_DIR)/Pods-FlashChat-checkManifestLockResult.txt",
			);
			runOnlyForDeploymentPostprocessing = 0;
			shellPath = /bin/sh;
			shellScript = "diff \"${PODS_PODFILE_DIR_PATH}/Podfile.lock\" \"${PODS_ROOT}/Manifest.lock\" > /dev/null\nif [ $? != 0 ] ; then\n    # print error to STDERR\n    echo \"error: The sandbox is not in sync with the Podfile.lock. Run 'pod install' or update your CocoaPods installation.\" >&2\n    exit 1\nfi\n# This output is used by Xcode 'outputs' to avoid re-running this script phase.\necho \"SUCCESS\" > \"${SCRIPT_OUTPUT_FILE_0}\"\n";
			showEnvVarsInLog = 0;
		};
/* End PBXShellScriptBuildPhase section */

/* Begin PBXSourcesBuildPhase section */
		B2D4B55F2D815DD800726BEB /* Sources */ = {
			isa = PBXSourcesBuildPhase;
			buildActionMask = 2147483647;
			files = (
			);
			runOnlyForDeploymentPostprocessing = 0;
		};
		B2D4B5752D815DDA00726BEB /* Sources */ = {
			isa = PBXSourcesBuildPhase;
			buildActionMask = 2147483647;
			files = (
			);
			runOnlyForDeploymentPostprocessing = 0;
		};
		B2D4B57F2D815DDA00726BEB /* Sources */ = {
			isa = PBXSourcesBuildPhase;
			buildActionMask = 2147483647;
			files = (
			);
			runOnlyForDeploymentPostprocessing = 0;
		};
/* End PBXSourcesBuildPhase section */

/* Begin PBXTargetDependency section */
		B2D4B57B2D815DDA00726BEB /* PBXTargetDependency */ = {
			isa = PBXTargetDependency;
			target = B2D4B5622D815DD800726BEB /* FlashChat */;
			targetProxy = B2D4B57A2D815DDA00726BEB /* PBXContainerItemProxy */;
		};
		B2D4B5852D815DDA00726BEB /* PBXTargetDependency */ = {
			isa = PBXTargetDependency;
			target = B2D4B5622D815DD800726BEB /* FlashChat */;
			targetProxy = B2D4B5842D815DDA00726BEB /* PBXContainerItemProxy */;
		};
/* End PBXTargetDependency section */

/* Begin XCBuildConfiguration section */
		B2D4B58D2D815DDA00726BEB /* Debug */ = {
			isa = XCBuildConfiguration;
			baseConfigurationReference = 885FD7DF2CF69E832FE4A704 /* Pods-FlashChat.debug.xcconfig */;
			buildSettings = {
				ASSETCATALOG_COMPILER_APPICON_NAME = AppIcon;
				ASSETCATALOG_COMPILER_GLOBAL_ACCENT_COLOR_NAME = AccentColor;
				CODE_SIGN_STYLE = Automatic;
				CURRENT_PROJECT_VERSION = 1;
				ENABLE_USER_SCRIPT_SANDBOXING = NO;
				GENERATE_INFOPLIST_FILE = YES;
				INFOPLIST_FILE = FlashChat/Info.plist;
				INFOPLIST_KEY_UIApplicationSupportsIndirectInputEvents = YES;
				INFOPLIST_KEY_UILaunchStoryboardName = LaunchScreen;
				INFOPLIST_KEY_UISupportedInterfaceOrientations_iPad = "UIInterfaceOrientationPortrait UIInterfaceOrientationPortraitUpsideDown UIInterfaceOrientationLandscapeLeft UIInterfaceOrientationLandscapeRight";
				INFOPLIST_KEY_UISupportedInterfaceOrientations_iPhone = "UIInterfaceOrientationPortrait UIInterfaceOrientationLandscapeLeft UIInterfaceOrientationLandscapeRight";
				LD_RUNPATH_SEARCH_PATHS = (
					"$(inherited)",
					"@executable_path/Frameworks",
				);
				MARKETING_VERSION = 1.0;
				PRODUCT_BUNDLE_IDENTIFIER = hau.FlashChat;
				PRODUCT_NAME = "$(TARGET_NAME)";
				SWIFT_EMIT_LOC_STRINGS = YES;
				SWIFT_VERSION = 5.0;
				TARGETED_DEVICE_FAMILY = "1,2";
			};
			name = Debug;
		};
		B2D4B58E2D815DDA00726BEB /* Release */ = {
			isa = XCBuildConfiguration;
			baseConfigurationReference = 01183C3D0A88557EE31088F5 /* Pods-FlashChat.release.xcconfig */;
			buildSettings = {
				ASSETCATALOG_COMPILER_APPICON_NAME = AppIcon;
				ASSETCATALOG_COMPILER_GLOBAL_ACCENT_COLOR_NAME = AccentColor;
				CODE_SIGN_STYLE = Automatic;
				CURRENT_PROJECT_VERSION = 1;
				ENABLE_USER_SCRIPT_SANDBOXING = NO;
				GENERATE_INFOPLIST_FILE = YES;
				INFOPLIST_FILE = FlashChat/Info.plist;
				INFOPLIST_KEY_UIApplicationSupportsIndirectInputEvents = YES;
				INFOPLIST_KEY_UILaunchStoryboardName = LaunchScreen;
				INFOPLIST_KEY_UISupportedInterfaceOrientations_iPad = "UIInterfaceOrientationPortrait UIInterfaceOrientationPortraitUpsideDown UIInterfaceOrientationLandscapeLeft UIInterfaceOrientationLandscapeRight";
				INFOPLIST_KEY_UISupportedInterfaceOrientations_iPhone = "UIInterfaceOrientationPortrait UIInterfaceOrientationLandscapeLeft UIInterfaceOrientationLandscapeRight";
				LD_RUNPATH_SEARCH_PATHS = (
					"$(inherited)",
					"@executable_path/Frameworks",
				);
				MARKETING_VERSION = 1.0;
				PRODUCT_BUNDLE_IDENTIFIER = hau.FlashChat;
				PRODUCT_NAME = "$(TARGET_NAME)";
				SWIFT_EMIT_LOC_STRINGS = YES;
				SWIFT_VERSION = 5.0;
				TARGETED_DEVICE_FAMILY = "1,2";
			};
			name = Release;
		};
		B2D4B58F2D815DDA00726BEB /* Debug */ = {
			isa = XCBuildConfiguration;
			buildSettings = {
				ALWAYS_SEARCH_USER_PATHS = NO;
				ASSETCATALOG_COMPILER_GENERATE_SWIFT_ASSET_SYMBOL_EXTENSIONS = YES;
				CLANG_ANALYZER_NONNULL = YES;
				CLANG_ANALYZER_NUMBER_OBJECT_CONVERSION = YES_AGGRESSIVE;
				CLANG_CXX_LANGUAGE_STANDARD = "gnu++20";
				CLANG_ENABLE_MODULES = YES;
				CLANG_ENABLE_OBJC_ARC = YES;
				CLANG_ENABLE_OBJC_WEAK = YES;
				CLANG_WARN_BLOCK_CAPTURE_AUTORELEASING = YES;
				CLANG_WARN_BOOL_CONVERSION = YES;
				CLANG_WARN_COMMA = YES;
				CLANG_WARN_CONSTANT_CONVERSION = YES;
				CLANG_WARN_DEPRECATED_OBJC_IMPLEMENTATIONS = YES;
				CLANG_WARN_DIRECT_OBJC_ISA_USAGE = YES_ERROR;
				CLANG_WARN_DOCUMENTATION_COMMENTS = YES;
				CLANG_WARN_EMPTY_BODY = YES;
				CLANG_WARN_ENUM_CONVERSION = YES;
				CLANG_WARN_INFINITE_RECURSION = YES;
				CLANG_WARN_INT_CONVERSION = YES;
				CLANG_WARN_NON_LITERAL_NULL_CONVERSION = YES;
				CLANG_WARN_OBJC_IMPLICIT_RETAIN_SELF = YES;
				CLANG_WARN_OBJC_LITERAL_CONVERSION = YES;
				CLANG_WARN_OBJC_ROOT_CLASS = YES_ERROR;
				CLANG_WARN_QUOTED_INCLUDE_IN_FRAMEWORK_HEADER = YES;
				CLANG_WARN_RANGE_LOOP_ANALYSIS = YES;
				CLANG_WARN_STRICT_PROTOTYPES = YES;
				CLANG_WARN_SUSPICIOUS_MOVE = YES;
				CLANG_WARN_UNGUARDED_AVAILABILITY = YES_AGGRESSIVE;
				CLANG_WARN_UNREACHABLE_CODE = YES;
				CLANG_WARN__DUPLICATE_METHOD_MATCH = YES;
				COPY_PHASE_STRIP = NO;
				DEBUG_INFORMATION_FORMAT = dwarf;
				ENABLE_STRICT_OBJC_MSGSEND = YES;
				ENABLE_TESTABILITY = YES;
				ENABLE_USER_SCRIPT_SANDBOXING = YES;
				GCC_C_LANGUAGE_STANDARD = gnu17;
				GCC_DYNAMIC_NO_PIC = NO;
				GCC_NO_COMMON_BLOCKS = YES;
				GCC_OPTIMIZATION_LEVEL = 0;
				GCC_PREPROCESSOR_DEFINITIONS = (
					"DEBUG=1",
					"$(inherited)",
				);
				GCC_WARN_64_TO_32_BIT_CONVERSION = YES;
				GCC_WARN_ABOUT_RETURN_TYPE = YES_ERROR;
				GCC_WARN_UNDECLARED_SELECTOR = YES;
				GCC_WARN_UNINITIALIZED_AUTOS = YES_AGGRESSIVE;
				GCC_WARN_UNUSED_FUNCTION = YES;
				GCC_WARN_UNUSED_VARIABLE = YES;
				IPHONEOS_DEPLOYMENT_TARGET = 18.2;
				LOCALIZATION_PREFERS_STRING_CATALOGS = YES;
				MTL_ENABLE_DEBUG_INFO = INCLUDE_SOURCE;
				MTL_FAST_MATH = YES;
				ONLY_ACTIVE_ARCH = YES;
				SDKROOT = iphoneos;
				SWIFT_ACTIVE_COMPILATION_CONDITIONS = "DEBUG $(inherited)";
				SWIFT_OPTIMIZATION_LEVEL = "-Onone";
			};
			name = Debug;
		};
		B2D4B5902D815DDA00726BEB /* Release */ = {
			isa = XCBuildConfiguration;
			buildSettings = {
				ALWAYS_SEARCH_USER_PATHS = NO;
				ASSETCATALOG_COMPILER_GENERATE_SWIFT_ASSET_SYMBOL_EXTENSIONS = YES;
				CLANG_ANALYZER_NONNULL = YES;
				CLANG_ANALYZER_NUMBER_OBJECT_CONVERSION = YES_AGGRESSIVE;
				CLANG_CXX_LANGUAGE_STANDARD = "gnu++20";
				CLANG_ENABLE_MODULES = YES;
				CLANG_ENABLE_OBJC_ARC = YES;
				CLANG_ENABLE_OBJC_WEAK = YES;
				CLANG_WARN_BLOCK_CAPTURE_AUTORELEASING = YES;
				CLANG_WARN_BOOL_CONVERSION = YES;
				CLANG_WARN_COMMA = YES;
				CLANG_WARN_CONSTANT_CONVERSION = YES;
				CLANG_WARN_DEPRECATED_OBJC_IMPLEMENTATIONS = YES;
				CLANG_WARN_DIRECT_OBJC_ISA_USAGE = YES_ERROR;
				CLANG_WARN_DOCUMENTATION_COMMENTS = YES;
				CLANG_WARN_EMPTY_BODY = YES;
				CLANG_WARN_ENUM_CONVERSION = YES;
				CLANG_WARN_INFINITE_RECURSION = YES;
				CLANG_WARN_INT_CONVERSION = YES;
				CLANG_WARN_NON_LITERAL_NULL_CONVERSION = YES;
				CLANG_WARN_OBJC_IMPLICIT_RETAIN_SELF = YES;
				CLANG_WARN_OBJC_LITERAL_CONVERSION = YES;
				CLANG_WARN_OBJC_ROOT_CLASS = YES_ERROR;
				CLANG_WARN_QUOTED_INCLUDE_IN_FRAMEWORK_HEADER = YES;
				CLANG_WARN_RANGE_LOOP_ANALYSIS = YES;
				CLANG_WARN_STRICT_PROTOTYPES = YES;
				CLANG_WARN_SUSPICIOUS_MOVE = YES;
				CLANG_WARN_UNGUARDED_AVAILABILITY = YES_AGGRESSIVE;
				CLANG_WARN_UNREACHABLE_CODE = YES;
				CLANG_WARN__DUPLICATE_METHOD_MATCH = YES;
				COPY_PHASE_STRIP = NO;
				DEBUG_INFORMATION_FORMAT = "dwarf-with-dsym";
				ENABLE_NS_ASSERTIONS = NO;
				ENABLE_STRICT_OBJC_MSGSEND = YES;
				ENABLE_USER_SCRIPT_SANDBOXING = YES;
				GCC_C_LANGUAGE_STANDARD = gnu17;
				GCC_NO_COMMON_BLOCKS = YES;
				GCC_WARN_64_TO_32_BIT_CONVERSION = YES;
				GCC_WARN_ABOUT_RETURN_TYPE = YES_ERROR;
				GCC_WARN_UNDECLARED_SELECTOR = YES;
				GCC_WARN_UNINITIALIZED_AUTOS = YES_AGGRESSIVE;
				GCC_WARN_UNUSED_FUNCTION = YES;
				GCC_WARN_UNUSED_VARIABLE = YES;
				IPHONEOS_DEPLOYMENT_TARGET = 18.2;
				LOCALIZATION_PREFERS_STRING_CATALOGS = YES;
				MTL_ENABLE_DEBUG_INFO = NO;
				MTL_FAST_MATH = YES;
				SDKROOT = iphoneos;
				SWIFT_COMPILATION_MODE = wholemodule;
				VALIDATE_PRODUCT = YES;
			};
			name = Release;
		};
		B2D4B5922D815DDA00726BEB /* Debug */ = {
			isa = XCBuildConfiguration;
			baseConfigurationReference = FD20305E82D9491DBCB87465 /* Pods-FlashChatTests.debug.xcconfig */;
			buildSettings = {
				BUNDLE_LOADER = "$(TEST_HOST)";
				CODE_SIGN_STYLE = Automatic;
				CURRENT_PROJECT_VERSION = 1;
				GENERATE_INFOPLIST_FILE = YES;
				IPHONEOS_DEPLOYMENT_TARGET = 18.2;
				MARKETING_VERSION = 1.0;
				PRODUCT_BUNDLE_IDENTIFIER = hau.FlashChatTests;
				PRODUCT_NAME = "$(TARGET_NAME)";
				SWIFT_EMIT_LOC_STRINGS = NO;
				SWIFT_VERSION = 5.0;
				TARGETED_DEVICE_FAMILY = "1,2";
				TEST_HOST = "$(BUILT_PRODUCTS_DIR)/FlashChat.app/$(BUNDLE_EXECUTABLE_FOLDER_PATH)/FlashChat";
			};
			name = Debug;
		};
		B2D4B5932D815DDA00726BEB /* Release */ = {
			isa = XCBuildConfiguration;
			baseConfigurationReference = 75BD75C0D7F2D4301B581B28 /* Pods-FlashChatTests.release.xcconfig */;
			buildSettings = {
				BUNDLE_LOADER = "$(TEST_HOST)";
				CODE_SIGN_STYLE = Automatic;
				CURRENT_PROJECT_VERSION = 1;
				GENERATE_INFOPLIST_FILE = YES;
				IPHONEOS_DEPLOYMENT_TARGET = 18.2;
				MARKETING_VERSION = 1.0;
				PRODUCT_BUNDLE_IDENTIFIER = hau.FlashChatTests;
				PRODUCT_NAME = "$(TARGET_NAME)";
				SWIFT_EMIT_LOC_STRINGS = NO;
				SWIFT_VERSION = 5.0;
				TARGETED_DEVICE_FAMILY = "1,2";
				TEST_HOST = "$(BUILT_PRODUCTS_DIR)/FlashChat.app/$(BUNDLE_EXECUTABLE_FOLDER_PATH)/FlashChat";
			};
			name = Release;
		};
		B2D4B5952D815DDA00726BEB /* Debug */ = {
			isa = XCBuildConfiguration;
			baseConfigurationReference = DB313D97946A13880509E75D /* Pods-FlashChat-FlashChatUITests.debug.xcconfig */;
			buildSettings = {
				CODE_SIGN_STYLE = Automatic;
				CURRENT_PROJECT_VERSION = 1;
				GENERATE_INFOPLIST_FILE = YES;
				MARKETING_VERSION = 1.0;
				PRODUCT_BUNDLE_IDENTIFIER = hau.FlashChatUITests;
				PRODUCT_NAME = "$(TARGET_NAME)";
				SWIFT_EMIT_LOC_STRINGS = NO;
				SWIFT_VERSION = 5.0;
				TARGETED_DEVICE_FAMILY = "1,2";
				TEST_TARGET_NAME = FlashChat;
			};
			name = Debug;
		};
		B2D4B5962D815DDA00726BEB /* Release */ = {
			isa = XCBuildConfiguration;
			baseConfigurationReference = 5EFC6FF352B682CE72A21C61 /* Pods-FlashChat-FlashChatUITests.release.xcconfig */;
			buildSettings = {
				CODE_SIGN_STYLE = Automatic;
				CURRENT_PROJECT_VERSION = 1;
				GENERATE_INFOPLIST_FILE = YES;
				MARKETING_VERSION = 1.0;
				PRODUCT_BUNDLE_IDENTIFIER = hau.FlashChatUITests;
				PRODUCT_NAME = "$(TARGET_NAME)";
				SWIFT_EMIT_LOC_STRINGS = NO;
				SWIFT_VERSION = 5.0;
				TARGETED_DEVICE_FAMILY = "1,2";
				TEST_TARGET_NAME = FlashChat;
			};
			name = Release;
		};
/* End XCBuildConfiguration section */

/* Begin XCConfigurationList section */
		B2D4B55E2D815DD800726BEB /* Build configuration list for PBXProject "FlashChat" */ = {
			isa = XCConfigurationList;
			buildConfigurations = (
				B2D4B58F2D815DDA00726BEB /* Debug */,
				B2D4B5902D815DDA00726BEB /* Release */,
			);
			defaultConfigurationIsVisible = 0;
			defaultConfigurationName = Release;
		};
		B2D4B58C2D815DDA00726BEB /* Build configuration list for PBXNativeTarget "FlashChat" */ = {
			isa = XCConfigurationList;
			buildConfigurations = (
				B2D4B58D2D815DDA00726BEB /* Debug */,
				B2D4B58E2D815DDA00726BEB /* Release */,
			);
			defaultConfigurationIsVisible = 0;
			defaultConfigurationName = Release;
		};
		B2D4B5912D815DDA00726BEB /* Build configuration list for PBXNativeTarget "FlashChatTests" */ = {
			isa = XCConfigurationList;
			buildConfigurations = (
				B2D4B5922D815DDA00726BEB /* Debug */,
				B2D4B5932D815DDA00726BEB /* Release */,
			);
			defaultConfigurationIsVisible = 0;
			defaultConfigurationName = Release;
		};
		B2D4B5942D815DDA00726BEB /* Build configuration list for PBXNativeTarget "FlashChatUITests" */ = {
			isa = XCConfigurationList;
			buildConfigurations = (
				B2D4B5952D815DDA00726BEB /* Debug */,
				B2D4B5962D815DDA00726BEB /* Release */,
			);
			defaultConfigurationIsVisible = 0;
			defaultConfigurationName = Release;
		};
/* End XCConfigurationList section */

/* Begin XCRemoteSwiftPackageReference section */
		B2D4B5C32D81619F00726BEB /* XCRemoteSwiftPackageReference "IQKeyboardManager" */ = {
			isa = XCRemoteSwiftPackageReference;
			repositoryURL = "https://github.com/hackiftekhar/IQKeyboardManager.git";
			requirement = {
				kind = upToNextMajorVersion;
				minimumVersion = 8.0.0;
			};
		};
/* End XCRemoteSwiftPackageReference section */

/* Begin XCSwiftPackageProductDependency section */
		B2D4B5C42D81619F00726BEB /* IQKeyboardManagerSwift */ = {
			isa = XCSwiftPackageProductDependency;
			package = B2D4B5C32D81619F00726BEB /* XCRemoteSwiftPackageReference "IQKeyboardManager" */;
			productName = IQKeyboardManagerSwift;
		};
/* End XCSwiftPackageProductDependency section */
	};
	rootObject = B2D4B55B2D815DD800726BEB /* Project object */;
}
